
Microsoft Visual Studio Solution File, Format Version 12.00
# Visual Studio Version 17
VisualStudioVersion = 17.13.35931.197 d17.13
MinimumVisualStudioVersion = 10.0.40219.1
Project("{FAE04EC0-301F-11D3-BF4B-00C04F79EFBC}") = "Api", "Api\Api.csproj", "{C6CFF221-D019-4019-A40D-628D9B22135D}"
EndProject
Project("{FAE04EC0-301F-11D3-BF4B-00C04F79EFBC}") = "Application", "Application\Application.csproj", "{5CF43354-88FA-4404-B4E5-5A2E4934E0CE}"
EndProject
Project("{FAE04EC0-301F-11D3-BF4B-00C04F79EFBC}") = "Domain", "Domain\Domain.csproj", "{6E53C78F-3341-4DF0-9621-EF51F12060BF}"
EndProject
Project("{FAE04EC0-301F-11D3-BF4B-00C04F79EFBC}") = "Infrastructure", "Infrastructure\Infrastructure.csproj", "{AC87106A-0DEA-43B8-B569-BF8B00B3C8F7}"
EndProject
Project("{FAE04EC0-301F-11D3-BF4B-00C04F79EFBC}") = "Tests", "Tests\Tests.csproj", "{9DFAC5A5-A4C3-414E-8E9F-59516FE6A542}"
EndProject
Global
	GlobalSection(SolutionConfigurationPlatforms) = preSolution
		Debug|Any CPU = Debug|Any CPU
		Release|Any CPU = Release|Any CPU
	EndGlobalSection
	GlobalSection(ProjectConfigurationPlatforms) = postSolution
		{C6CFF221-D019-4019-A40D-628D9B22135D}.Debug|Any CPU.ActiveCfg = Debug|Any CPU
		{C6CFF221-D019-4019-A40D-628D9B22135D}.Debug|Any CPU.Build.0 = Debug|Any CPU
		{C6CFF221-D019-4019-A40D-628D9B22135D}.Release|Any CPU.ActiveCfg = Release|Any CPU
		{C6CFF221-D019-4019-A40D-628D9B22135D}.Release|Any CPU.Build.0 = Release|Any CPU
		{5CF43354-88FA-4404-B4E5-5A2E4934E0CE}.Debug|Any CPU.ActiveCfg = Debug|Any CPU
		{5CF43354-88FA-4404-B4E5-5A2E4934E0CE}.Debug|Any CPU.Build.0 = Debug|Any CPU
		{5CF43354-88FA-4404-B4E5-5A2E4934E0CE}.Release|Any CPU.ActiveCfg = Release|Any CPU
		{5CF43354-88FA-4404-B4E5-5A2E4934E0CE}.Release|Any CPU.Build.0 = Release|Any CPU
		{6E53C78F-3341-4DF0-9621-EF51F12060BF}.Debug|Any CPU.ActiveCfg = Debug|Any CPU
		{6E53C78F-3341-4DF0-9621-EF51F12060BF}.Debug|Any CPU.Build.0 = Debug|Any CPU
		{6E53C78F-3341-4DF0-9621-EF51F12060BF}.Release|Any CPU.ActiveCfg = Release|Any CPU
		{6E53C78F-3341-4DF0-9621-EF51F12060BF}.Release|Any CPU.Build.0 = Release|Any CPU
		{AC87106A-0DEA-43B8-B569-BF8B00B3C8F7}.Debug|Any CPU.ActiveCfg = Debug|Any CPU
		{AC87106A-0DEA-43B8-B569-BF8B00B3C8F7}.Debug|Any CPU.Build.0 = Debug|Any CPU
		{AC87106A-0DEA-43B8-B569-BF8B00B3C8F7}.Release|Any CPU.ActiveCfg = Release|Any CPU
		{AC87106A-0DEA-43B8-B569-BF8B00B3C8F7}.Release|Any CPU.Build.0 = Release|Any CPU
		{9DFAC5A5-A4C3-414E-8E9F-59516FE6A542}.Debug|Any CPU.ActiveCfg = Debug|Any CPU
		{9DFAC5A5-A4C3-414E-8E9F-59516FE6A542}.Debug|Any CPU.Build.0 = Debug|Any CPU
		{9DFAC5A5-A4C3-414E-8E9F-59516FE6A542}.Release|Any CPU.ActiveCfg = Release|Any CPU
		{9DFAC5A5-A4C3-414E-8E9F-59516FE6A542}.Release|Any CPU.Build.0 = Release|Any CPU
	EndGlobalSection
	GlobalSection(SolutionProperties) = preSolution
		HideSolutionNode = FALSE
	EndGlobalSection
	GlobalSection(ExtensibilityGlobals) = postSolution
		SolutionGuid = {CE89CFB3-A4E1-4736-A1F6-A65B28E6D15B}
	EndGlobalSection
EndGlobal
